
Microsoft Visual Studio Solution File, Format Version 12.00
# Visual Studio Version 17
VisualStudioVersion = 17.8.34408.163
MinimumVisualStudioVersion = 10.0.40219.1
Project("{9A19103F-16F7-4668-BE54-9A1E7A4F7556}") = "EECS498_007p1", "EECS498-007p1\EECS498_007p1.csproj", "{7936739B-D534-43AE-814F-6ACCA86AF42F}"
EndProject
Global
	GlobalSection(SolutionConfigurationPlatforms) = preSolution
		Debug|Any CPU = Debug|Any CPU
		Release|Any CPU = Release|Any CPU
	EndGlobalSection
	GlobalSection(ProjectConfigurationPlatforms) = postSolution
		{7936739B-D534-43AE-814F-6ACCA86AF42F}.Debug|Any CPU.ActiveCfg = Debug|Any CPU
		{7936739B-D534-43AE-814F-6ACCA86AF42F}.Debug|Any CPU.Build.0 = Debug|Any CPU
		{7936739B-D534-43AE-814F-6ACCA86AF42F}.Release|Any CPU.ActiveCfg = Release|Any CPU
		{7936739B-D534-43AE-814F-6ACCA86AF42F}.Release|Any CPU.Build.0 = Release|Any CPU
	EndGlobalSection
	GlobalSection(SolutionProperties) = preSolution
		HideSolutionNode = FALSE
	EndGlobalSection
	GlobalSection(ExtensibilityGlobals) = postSolution
		SolutionGuid = {AB4F02A7-E8B2-4238-86F9-691F418827DE}
	EndGlobalSection
EndGlobal
